
Microsoft Visual Studio Solution File, Format Version 12.00
# Visual Studio Version 16
VisualStudioVersion = 16.0.28407.52
MinimumVisualStudioVersion = 10.0.40219.1
Project("{FAE04EC0-301F-11D3-BF4B-00C04F79EFBC}") = "اذان و اوقات شرعی", "اذان و اوقات شرعی\اذان و اوقات شرعی.csproj", "{8E21BD5F-AA07-46D4-9791-CAF655AE8F8F}"
EndProject
Global
	GlobalSection(SolutionConfigurationPlatforms) = preSolution
		Debug|Any CPU = Debug|Any CPU
		Release|Any CPU = Release|Any CPU
	EndGlobalSection
	GlobalSection(ProjectConfigurationPlatforms) = postSolution
		{8E21BD5F-AA07-46D4-9791-CAF655AE8F8F}.Debug|Any CPU.ActiveCfg = Debug|Any CPU
		{8E21BD5F-AA07-46D4-9791-CAF655AE8F8F}.Debug|Any CPU.Build.0 = Debug|Any CPU
		{8E21BD5F-AA07-46D4-9791-CAF655AE8F8F}.Release|Any CPU.ActiveCfg = Release|Any CPU
		{8E21BD5F-AA07-46D4-9791-CAF655AE8F8F}.Release|Any CPU.Build.0 = Release|Any CPU
	EndGlobalSection
	GlobalSection(SolutionProperties) = preSolution
		HideSolutionNode = FALSE
	EndGlobalSection
	GlobalSection(ExtensibilityGlobals) = postSolution
		SolutionGuid = {369FEEFE-6269-4B53-8855-CF6E49306E5A}
	EndGlobalSection
EndGlobal
